# This file was autogenerated by Stack.
# You should not edit this file by hand.
# For more information, please see the documentation at:
#   https://docs.haskellstack.org/en/stable/lock_files

packages: []
snapshots:
- completed:
    size: 575892
    url: https://raw.githubusercontent.com/commercialhaskell/stackage-snapshots/master/nightly/2021/8/15.yaml
    sha256: 85e42d245dd29a6f63b0fd43ac6b08475a24d50c9a3a828eb2dcae1bb630a25d
  original: nightly-2021-08-15
