# This file was autogenerated by Stack.
# You should not edit this file by hand.
# For more information, please see the documentation at:
#   https://docs.haskellstack.org/en/stable/lock_files

packages:
- completed:
    hackage: gloss-raster-1.13.1.1@sha256:a87a2cfbce988f439b635fe2587a249a45fdeaa9e804643db29a5fed4c2e0408,1455
    pantry-tree:
      size: 299
      sha256: ff7bba994603a0a2b14a1c562b024d9d6f69b5684010cd4e1245f0801a2a3067
  original:
    hackage: gloss-raster-1.13.1.1
- completed:
    hackage: repa-3.4.1.4@sha256:70ef4758937baa29be1ac0a78ecbccf341b3f276c9efb632b4829eea80445e2d,3315
    pantry-tree:
      size: 2965
      sha256: 294773b0e6be4a4198133715d4c7f2d0d8e5aec4adea7e59578d1b3823a7879d
  original:
    hackage: repa-3.4.1.4
snapshots:
- completed:
    size: 496463
    url: https://raw.githubusercontent.com/commercialhaskell/stackage-snapshots/master/nightly/2020/3/1.yaml
    sha256: 90a96af46b61643b45a4161287ebfb02fb44764aa53f371b700ba54ac0e920c4
  original: nightly-2020-03-01
