# This file was autogenerated by Stack.
# You should not edit this file by hand.
# For more information, please see the documentation at:
#   https://docs.haskellstack.org/en/stable/lock_files

packages: []
snapshots:
- completed:
    size: 530595
    url: https://raw.githubusercontent.com/commercialhaskell/stackage-snapshots/master/nightly/2020/6/3.yaml
    sha256: 635a04c2cd77552d5452b70fa42207cdb3e079ddc033173f3b1ba8c1b010478a
  original: nightly-2020-06-03
