# This file was autogenerated by Stack.
# You should not edit this file by hand.
# For more information, please see the documentation at:
#   https://docs.haskellstack.org/en/stable/lock_files

packages:
- completed:
    hackage: gloss-raster-1.13.1.2@sha256:effab46454e8e18a80ed1d22d46d159c9e21c3593093e2fc3b7eb0f9bf493df0,1494
    pantry-tree:
      size: 299
      sha256: 37e37df9e99eb4f3b9ff2ed6a5a023e25cea2a2f99da83ee8ea508faefd5e151
  original:
    hackage: gloss-raster-1.13.1.2@sha256:effab46454e8e18a80ed1d22d46d159c9e21c3593093e2fc3b7eb0f9bf493df0,1494
- completed:
    hackage: repa-3.4.1.4@sha256:5a99bde69fe96a18d70aae23f47c8f719b1134558dca3ee5a7c15423b68a132e,3323
    pantry-tree:
      size: 2965
      sha256: 060bec03e51bb6f40acc52c70f8e36804e18f80590b09dc8141352f1b14b03e7
  original:
    hackage: repa-3.4.1.4@sha256:5a99bde69fe96a18d70aae23f47c8f719b1134558dca3ee5a7c15423b68a132e,3323
snapshots:
- completed:
    size: 585393
    url: https://raw.githubusercontent.com/commercialhaskell/stackage-snapshots/master/nightly/2021/6/14.yaml
    sha256: a5edd4e65bdb6e56760e7d7c1275d2c3b24fb95e730e957e9d60824315e8801d
  original: nightly-2021-06-14
